
Microsoft Visual Studio Solution File, Format Version 12.00
# Visual Studio Version 17
VisualStudioVersion = 17.9.34622.214
MinimumVisualStudioVersion = 10.0.40219.1
Project("{888888A0-9F3D-457C-B088-3A5042F75D52}") = "AperturaDataset", "AperturaDataset.pyproj", "{919A75E0-9222-4E9B-9DC9-FBC52D75D744}"
EndProject
Global
	GlobalSection(SolutionConfigurationPlatforms) = preSolution
		Debug|Any CPU = Debug|Any CPU
		Release|Any CPU = Release|Any CPU
	EndGlobalSection
	GlobalSection(ProjectConfigurationPlatforms) = postSolution
		{919A75E0-9222-4E9B-9DC9-FBC52D75D744}.Debug|Any CPU.ActiveCfg = Debug|Any CPU
		{919A75E0-9222-4E9B-9DC9-FBC52D75D744}.Release|Any CPU.ActiveCfg = Release|Any CPU
	EndGlobalSection
	GlobalSection(SolutionProperties) = preSolution
		HideSolutionNode = FALSE
	EndGlobalSection
	GlobalSection(ExtensibilityGlobals) = postSolution
		SolutionGuid = {A43CE9EE-CC85-468B-B527-794545A0AEFC}
	EndGlobalSection
EndGlobal
