
Microsoft Visual Studio Solution File, Format Version 12.00
# Visual Studio Version 17
VisualStudioVersion = 17.9.34622.214
MinimumVisualStudioVersion = 10.0.40219.1
Project("{888888A0-9F3D-457C-B088-3A5042F75D52}") = "Clasificador", "Clasificador.pyproj", "{B250591C-19D7-4201-940E-81FFA1704B1C}"
EndProject
Global
	GlobalSection(SolutionConfigurationPlatforms) = preSolution
		Debug|Any CPU = Debug|Any CPU
		Release|Any CPU = Release|Any CPU
	EndGlobalSection
	GlobalSection(ProjectConfigurationPlatforms) = postSolution
		{B250591C-19D7-4201-940E-81FFA1704B1C}.Debug|Any CPU.ActiveCfg = Debug|Any CPU
		{B250591C-19D7-4201-940E-81FFA1704B1C}.Release|Any CPU.ActiveCfg = Release|Any CPU
	EndGlobalSection
	GlobalSection(SolutionProperties) = preSolution
		HideSolutionNode = FALSE
	EndGlobalSection
	GlobalSection(ExtensibilityGlobals) = postSolution
		SolutionGuid = {E43A3411-7AAA-455E-B78A-18E0E9326F7C}
	EndGlobalSection
EndGlobal
